{
  "name": "testenpm",
  "version": "1.0.0",
  "lockfileVersion": 3,
  "requires": true,
  "packages": {
    "": {
      "name": "testenpm",
      "version": "1.0.0",
      "license": "ISC",
      "dependencies": {
        "dog-lib-delmo": "^1.0.0"
      }
    },
    "node_modules/dog-lib-delmo": {
      "version": "1.0.0",
      "resolved": "https://registry.npmjs.org/dog-lib-delmo/-/dog-lib-delmo-1.0.0.tgz",
      "integrity": "sha512-OYJxf1I+7HlycX+thkl6zRB2ZFj6JD+KbiAgL1nmcTBfbHMv4x254jHorbEYyxQE9iWhTsLSdkdUsLiwdA9voA=="
    }
  }
}
